
Microsoft Visual Studio Solution File, Format Version 12.00
# Visual Studio Version 17
VisualStudioVersion = 17.8.34316.72
MinimumVisualStudioVersion = 10.0.40219.1
Project("{9A19103F-16F7-4668-BE54-9A1E7A4F7556}") = "MegaSena", "..\MegaSena.csproj", "{A36C6A8C-320C-4DDB-8841-A0D6689C9F99}"
EndProject
Global
	GlobalSection(SolutionConfigurationPlatforms) = preSolution
		Debug|Any CPU = Debug|Any CPU
		Release|Any CPU = Release|Any CPU
	EndGlobalSection
	GlobalSection(ProjectConfigurationPlatforms) = postSolution
		{A36C6A8C-320C-4DDB-8841-A0D6689C9F99}.Debug|Any CPU.ActiveCfg = Debug|Any CPU
		{A36C6A8C-320C-4DDB-8841-A0D6689C9F99}.Debug|Any CPU.Build.0 = Debug|Any CPU
		{A36C6A8C-320C-4DDB-8841-A0D6689C9F99}.Release|Any CPU.ActiveCfg = Release|Any CPU
		{A36C6A8C-320C-4DDB-8841-A0D6689C9F99}.Release|Any CPU.Build.0 = Release|Any CPU
	EndGlobalSection
	GlobalSection(SolutionProperties) = preSolution
		HideSolutionNode = FALSE
	EndGlobalSection
	GlobalSection(ExtensibilityGlobals) = postSolution
		SolutionGuid = {4B4C2AAE-65E5-46A1-AA85-F6F951DC0C05}
	EndGlobalSection
EndGlobal
